// !$*UTF8*$!
{
	archiveVersion = 1;
	classes = {
	};
	objectVersion = 55;
	objects = {

/* Begin PBXBuildFile section */
		8A107F7628981EA700A7BE65 /* AppDelegate.swift in Sources */ = {isa = PBXBuildFile; fileRef = 8A107F7528981EA700A7BE65 /* AppDelegate.swift */; };
		8A107F7828981EA700A7BE65 /* SceneDelegate.swift in Sources */ = {isa = PBXBuildFile; fileRef = 8A107F7728981EA700A7BE65 /* SceneDelegate.swift */; };
		8A107F8028981EA700A7BE65 /* MVVM_RxSwift_Demo.xcdatamodeld in Sources */ = {isa = PBXBuildFile; fileRef = 8A107F7E28981EA700A7BE65 /* MVVM_RxSwift_Demo.xcdatamodeld */; };
		8A107F8228981EAA00A7BE65 /* Assets.xcassets in Resources */ = {isa = PBXBuildFile; fileRef = 8A107F8128981EAA00A7BE65 /* Assets.xcassets */; };
		8A107F8528981EAA00A7BE65 /* LaunchScreen.storyboard in Resources */ = {isa = PBXBuildFile; fileRef = 8A107F8328981EAA00A7BE65 /* LaunchScreen.storyboard */; };
		8A107F9028981EAA00A7BE65 /* MVVM_RxSwift_DemoTests.swift in Sources */ = {isa = PBXBuildFile; fileRef = 8A107F8F28981EAA00A7BE65 /* MVVM_RxSwift_DemoTests.swift */; };
		8A107F9A28981EAA00A7BE65 /* MVVM_RxSwift_DemoUITests.swift in Sources */ = {isa = PBXBuildFile; fileRef = 8A107F9928981EAA00A7BE65 /* MVVM_RxSwift_DemoUITests.swift */; };
		8A107F9C28981EAA00A7BE65 /* MVVM_RxSwift_DemoUITestsLaunchTests.swift in Sources */ = {isa = PBXBuildFile; fileRef = 8A107F9B28981EAA00A7BE65 /* MVVM_RxSwift_DemoUITestsLaunchTests.swift */; };
		8A107FA9289822F100A7BE65 /* UIViewController + Extension.swift in Sources */ = {isa = PBXBuildFile; fileRef = 8A107FA8289822F100A7BE65 /* UIViewController + Extension.swift */; };
		8A107FAC2898237900A7BE65 /* MBProgressHUD in Frameworks */ = {isa = PBXBuildFile; productRef = 8A107FAB2898237900A7BE65 /* MBProgressHUD */; };
		8A107FB1289829C500A7BE65 /* ApiService.swift in Sources */ = {isa = PBXBuildFile; fileRef = 8A107FB0289829C500A7BE65 /* ApiService.swift */; };
		8A107FB428982A0F00A7BE65 /* Alamofire in Frameworks */ = {isa = PBXBuildFile; productRef = 8A107FB328982A0F00A7BE65 /* Alamofire */; };
		8A107FBC28982B8100A7BE65 /* LoginSuccesModel.swift in Sources */ = {isa = PBXBuildFile; fileRef = 8A107FBB28982B8100A7BE65 /* LoginSuccesModel.swift */; };
		8A107FBE28982B9700A7BE65 /* BaseErrorModel.swift in Sources */ = {isa = PBXBuildFile; fileRef = 8A107FBD28982B9700A7BE65 /* BaseErrorModel.swift */; };
		8A107FC128982C1D00A7BE65 /* LoginViewController.swift in Sources */ = {isa = PBXBuildFile; fileRef = 8A107FBF28982C1D00A7BE65 /* LoginViewController.swift */; };
		8A107FC228982C1D00A7BE65 /* LoginViewController.xib in Resources */ = {isa = PBXBuildFile; fileRef = 8A107FC028982C1D00A7BE65 /* LoginViewController.xib */; };
		8A107FC5289838A400A7BE65 /* RxCocoa in Frameworks */ = {isa = PBXBuildFile; productRef = 8A107FC4289838A400A7BE65 /* RxCocoa */; };
		8A107FC7289838A400A7BE65 /* RxRelay in Frameworks */ = {isa = PBXBuildFile; productRef = 8A107FC6289838A400A7BE65 /* RxRelay */; };
		8A107FC9289838A400A7BE65 /* RxSwift in Frameworks */ = {isa = PBXBuildFile; productRef = 8A107FC8289838A400A7BE65 /* RxSwift */; };
		8A107FCB289838BC00A7BE65 /* LoginViewModel.swift in Sources */ = {isa = PBXBuildFile; fileRef = 8A107FCA289838BC00A7BE65 /* LoginViewModel.swift */; };
		8AB248482899A33100FADA11 /* HomeViewController.swift in Sources */ = {isa = PBXBuildFile; fileRef = 8AB248462899A33100FADA11 /* HomeViewController.swift */; };
		8AB248492899A33100FADA11 /* HomeViewController.xib in Resources */ = {isa = PBXBuildFile; fileRef = 8AB248472899A33100FADA11 /* HomeViewController.xib */; };
		8AFD11C6289D324F00D30FE5 /* UsersModel.swift in Sources */ = {isa = PBXBuildFile; fileRef = 8AFD11C5289D324F00D30FE5 /* UsersModel.swift */; };
		8AFD11C8289D328E00D30FE5 /* HomeViewModel.swift in Sources */ = {isa = PBXBuildFile; fileRef = 8AFD11C7289D328E00D30FE5 /* HomeViewModel.swift */; };
		8AFD11CB289D556900D30FE5 /* HomeTableViewCell.swift in Sources */ = {isa = PBXBuildFile; fileRef = 8AFD11C9289D556900D30FE5 /* HomeTableViewCell.swift */; };
		8AFD11CC289D556900D30FE5 /* HomeTableViewCell.xib in Resources */ = {isa = PBXBuildFile; fileRef = 8AFD11CA289D556900D30FE5 /* HomeTableViewCell.xib */; };
		8AFD11CE289D5AE700D30FE5 /* UIImageView+Extensions.swift in Sources */ = {isa = PBXBuildFile; fileRef = 8AFD11CD289D5AE700D30FE5 /* UIImageView+Extensions.swift */; };
		8AFD11D1289D5B4100D30FE5 /* Kingfisher in Frameworks */ = {isa = PBXBuildFile; productRef = 8AFD11D0289D5B4100D30FE5 /* Kingfisher */; };
		8AFD11D4289D7D6000D30FE5 /* DetailsViewController.swift in Sources */ = {isa = PBXBuildFile; fileRef = 8AFD11D2289D7D6000D30FE5 /* DetailsViewController.swift */; };
		8AFD11D5289D7D6000D30FE5 /* DetailsViewController.xib in Resources */ = {isa = PBXBuildFile; fileRef = 8AFD11D3289D7D6000D30FE5 /* DetailsViewController.xib */; };
		8AFD11D7289D92D700D30FE5 /* DetailsViewModel.swift in Sources */ = {isa = PBXBuildFile; fileRef = 8AFD11D6289D92D700D30FE5 /* DetailsViewModel.swift */; };
/* End PBXBuildFile section */

/* Begin PBXContainerItemProxy section */
		8A107F8C28981EAA00A7BE65 /* PBXContainerItemProxy */ = {
			isa = PBXContainerItemProxy;
			containerPortal = 8A107F6A28981EA700A7BE65 /* Project object */;
			proxyType = 1;
			remoteGlobalIDString = 8A107F7128981EA700A7BE65;
			remoteInfo = "MVVM-RxSwift-Demo";
		};
		8A107F9628981EAA00A7BE65 /* PBXContainerItemProxy */ = {
			isa = PBXContainerItemProxy;
			containerPortal = 8A107F6A28981EA700A7BE65 /* Project object */;
			proxyType = 1;
			remoteGlobalIDString = 8A107F7128981EA700A7BE65;
			remoteInfo = "MVVM-RxSwift-Demo";
		};
/* End PBXContainerItemProxy section */

/* Begin PBXFileReference section */
		8A107F7228981EA700A7BE65 /* MVVM-RxSwift-Demo.app */ = {isa = PBXFileReference; explicitFileType = wrapper.application; includeInIndex = 0; path = "MVVM-RxSwift-Demo.app"; sourceTree = BUILT_PRODUCTS_DIR; };
		8A107F7528981EA700A7BE65 /* AppDelegate.swift */ = {isa = PBXFileReference; lastKnownFileType = sourcecode.swift; path = AppDelegate.swift; sourceTree = "<group>"; };
		8A107F7728981EA700A7BE65 /* SceneDelegate.swift */ = {isa = PBXFileReference; lastKnownFileType = sourcecode.swift; path = SceneDelegate.swift; sourceTree = "<group>"; };
		8A107F7F28981EA700A7BE65 /* MVVM_RxSwift_Demo.xcdatamodel */ = {isa = PBXFileReference; lastKnownFileType = wrapper.xcdatamodel; path = MVVM_RxSwift_Demo.xcdatamodel; sourceTree = "<group>"; };
		8A107F8128981EAA00A7BE65 /* Assets.xcassets */ = {isa = PBXFileReference; lastKnownFileType = folder.assetcatalog; path = Assets.xcassets; sourceTree = "<group>"; };
		8A107F8428981EAA00A7BE65 /* Base */ = {isa = PBXFileReference; lastKnownFileType = file.storyboard; name = Base; path = Base.lproj/LaunchScreen.storyboard; sourceTree = "<group>"; };
		8A107F8628981EAA00A7BE65 /* Info.plist */ = {isa = PBXFileReference; lastKnownFileType = text.plist.xml; path = Info.plist; sourceTree = "<group>"; };
		8A107F8B28981EAA00A7BE65 /* MVVM-RxSwift-DemoTests.xctest */ = {isa = PBXFileReference; explicitFileType = wrapper.cfbundle; includeInIndex = 0; path = "MVVM-RxSwift-DemoTests.xctest"; sourceTree = BUILT_PRODUCTS_DIR; };
		8A107F8F28981EAA00A7BE65 /* MVVM_RxSwift_DemoTests.swift */ = {isa = PBXFileReference; lastKnownFileType = sourcecode.swift; path = MVVM_RxSwift_DemoTests.swift; sourceTree = "<group>"; };
		8A107F9528981EAA00A7BE65 /* MVVM-RxSwift-DemoUITests.xctest */ = {isa = PBXFileReference; explicitFileType = wrapper.cfbundle; includeInIndex = 0; path = "MVVM-RxSwift-DemoUITests.xctest"; sourceTree = BUILT_PRODUCTS_DIR; };
		8A107F9928981EAA00A7BE65 /* MVVM_RxSwift_DemoUITests.swift */ = {isa = PBXFileReference; lastKnownFileType = sourcecode.swift; path = MVVM_RxSwift_DemoUITests.swift; sourceTree = "<group>"; };
		8A107F9B28981EAA00A7BE65 /* MVVM_RxSwift_DemoUITestsLaunchTests.swift */ = {isa = PBXFileReference; lastKnownFileType = sourcecode.swift; path = MVVM_RxSwift_DemoUITestsLaunchTests.swift; sourceTree = "<group>"; };
		8A107FA8289822F100A7BE65 /* UIViewController + Extension.swift */ = {isa = PBXFileReference; lastKnownFileType = sourcecode.swift; path = "UIViewController + Extension.swift"; sourceTree = "<group>"; };
		8A107FB0289829C500A7BE65 /* ApiService.swift */ = {isa = PBXFileReference; lastKnownFileType = sourcecode.swift; path = ApiService.swift; sourceTree = "<group>"; };
		8A107FBB28982B8100A7BE65 /* LoginSuccesModel.swift */ = {isa = PBXFileReference; lastKnownFileType = sourcecode.swift; path = LoginSuccesModel.swift; sourceTree = "<group>"; };
		8A107FBD28982B9700A7BE65 /* BaseErrorModel.swift */ = {isa = PBXFileReference; lastKnownFileType = sourcecode.swift; path = BaseErrorModel.swift; sourceTree = "<group>"; };
		8A107FBF28982C1D00A7BE65 /* LoginViewController.swift */ = {isa = PBXFileReference; lastKnownFileType = sourcecode.swift; path = LoginViewController.swift; sourceTree = "<group>"; };
		8A107FC028982C1D00A7BE65 /* LoginViewController.xib */ = {isa = PBXFileReference; lastKnownFileType = file.xib; path = LoginViewController.xib; sourceTree = "<group>"; };
		8A107FCA289838BC00A7BE65 /* LoginViewModel.swift */ = {isa = PBXFileReference; lastKnownFileType = sourcecode.swift; path = LoginViewModel.swift; sourceTree = "<group>"; };
		8AB248462899A33100FADA11 /* HomeViewController.swift */ = {isa = PBXFileReference; lastKnownFileType = sourcecode.swift; path = HomeViewController.swift; sourceTree = "<group>"; };
		8AB248472899A33100FADA11 /* HomeViewController.xib */ = {isa = PBXFileReference; lastKnownFileType = file.xib; path = HomeViewController.xib; sourceTree = "<group>"; };
		8AFD11C5289D324F00D30FE5 /* UsersModel.swift */ = {isa = PBXFileReference; lastKnownFileType = sourcecode.swift; path = UsersModel.swift; sourceTree = "<group>"; };
		8AFD11C7289D328E00D30FE5 /* HomeViewModel.swift */ = {isa = PBXFileReference; lastKnownFileType = sourcecode.swift; path = HomeViewModel.swift; sourceTree = "<group>"; };
		8AFD11C9289D556900D30FE5 /* HomeTableViewCell.swift */ = {isa = PBXFileReference; lastKnownFileType = sourcecode.swift; path = HomeTableViewCell.swift; sourceTree = "<group>"; };
		8AFD11CA289D556900D30FE5 /* HomeTableViewCell.xib */ = {isa = PBXFileReference; lastKnownFileType = file.xib; path = HomeTableViewCell.xib; sourceTree = "<group>"; };
		8AFD11CD289D5AE700D30FE5 /* UIImageView+Extensions.swift */ = {isa = PBXFileReference; lastKnownFileType = sourcecode.swift; path = "UIImageView+Extensions.swift"; sourceTree = "<group>"; };
		8AFD11D2289D7D6000D30FE5 /* DetailsViewController.swift */ = {isa = PBXFileReference; lastKnownFileType = sourcecode.swift; path = DetailsViewController.swift; sourceTree = "<group>"; };
		8AFD11D3289D7D6000D30FE5 /* DetailsViewController.xib */ = {isa = PBXFileReference; lastKnownFileType = file.xib; path = DetailsViewController.xib; sourceTree = "<group>"; };
		8AFD11D6289D92D700D30FE5 /* DetailsViewModel.swift */ = {isa = PBXFileReference; lastKnownFileType = sourcecode.swift; path = DetailsViewModel.swift; sourceTree = "<group>"; };
/* End PBXFileReference section */

/* Begin PBXFrameworksBuildPhase section */
		8A107F6F28981EA700A7BE65 /* Frameworks */ = {
			isa = PBXFrameworksBuildPhase;
			buildActionMask = 2147483647;
			files = (
				8AFD11D1289D5B4100D30FE5 /* Kingfisher in Frameworks */,
				8A107FC5289838A400A7BE65 /* RxCocoa in Frameworks */,
				8A107FAC2898237900A7BE65 /* MBProgressHUD in Frameworks */,
				8A107FC9289838A400A7BE65 /* RxSwift in Frameworks */,
				8A107FC7289838A400A7BE65 /* RxRelay in Frameworks */,
				8A107FB428982A0F00A7BE65 /* Alamofire in Frameworks */,
			);
			runOnlyForDeploymentPostprocessing = 0;
		};
		8A107F8828981EAA00A7BE65 /* Frameworks */ = {
			isa = PBXFrameworksBuildPhase;
			buildActionMask = 2147483647;
			files = (
			);
			runOnlyForDeploymentPostprocessing = 0;
		};
		8A107F9228981EAA00A7BE65 /* Frameworks */ = {
			isa = PBXFrameworksBuildPhase;
			buildActionMask = 2147483647;
			files = (
			);
			runOnlyForDeploymentPostprocessing = 0;
		};
/* End PBXFrameworksBuildPhase section */

/* Begin PBXGroup section */
		8A107F6928981EA700A7BE65 = {
			isa = PBXGroup;
			children = (
				8A107F7428981EA700A7BE65 /* MVVM-RxSwift-Demo */,
				8A107F8E28981EAA00A7BE65 /* MVVM-RxSwift-DemoTests */,
				8A107F9828981EAA00A7BE65 /* MVVM-RxSwift-DemoUITests */,
				8A107F7328981EA700A7BE65 /* Products */,
			);
			sourceTree = "<group>";
		};
		8A107F7328981EA700A7BE65 /* Products */ = {
			isa = PBXGroup;
			children = (
				8A107F7228981EA700A7BE65 /* MVVM-RxSwift-Demo.app */,
				8A107F8B28981EAA00A7BE65 /* MVVM-RxSwift-DemoTests.xctest */,
				8A107F9528981EAA00A7BE65 /* MVVM-RxSwift-DemoUITests.xctest */,
			);
			name = Products;
			sourceTree = "<group>";
		};
		8A107F7428981EA700A7BE65 /* MVVM-RxSwift-Demo */ = {
			isa = PBXGroup;
			children = (
				8A107FB528982A4300A7BE65 /* Features */,
				8A107FAF2898299D00A7BE65 /* Services */,
				8A107FAE2898254D00A7BE65 /* Shared */,
			);
			path = "MVVM-RxSwift-Demo";
			sourceTree = "<group>";
		};
		8A107F8E28981EAA00A7BE65 /* MVVM-RxSwift-DemoTests */ = {
			isa = PBXGroup;
			children = (
				8A107F8F28981EAA00A7BE65 /* MVVM_RxSwift_DemoTests.swift */,
			);
			path = "MVVM-RxSwift-DemoTests";
			sourceTree = "<group>";
		};
		8A107F9828981EAA00A7BE65 /* MVVM-RxSwift-DemoUITests */ = {
			isa = PBXGroup;
			children = (
				8A107F9928981EAA00A7BE65 /* MVVM_RxSwift_DemoUITests.swift */,
				8A107F9B28981EAA00A7BE65 /* MVVM_RxSwift_DemoUITestsLaunchTests.swift */,
			);
			path = "MVVM-RxSwift-DemoUITests";
			sourceTree = "<group>";
		};
		8A107FAE2898254D00A7BE65 /* Shared */ = {
			isa = PBXGroup;
			children = (
				8A107F7528981EA700A7BE65 /* AppDelegate.swift */,
				8A107F7728981EA700A7BE65 /* SceneDelegate.swift */,
				8A107F8128981EAA00A7BE65 /* Assets.xcassets */,
				8A107F8328981EAA00A7BE65 /* LaunchScreen.storyboard */,
				8A107F8628981EAA00A7BE65 /* Info.plist */,
				8A107F7E28981EA700A7BE65 /* MVVM_RxSwift_Demo.xcdatamodeld */,
				8A107FA8289822F100A7BE65 /* UIViewController + Extension.swift */,
				8AFD11CD289D5AE700D30FE5 /* UIImageView+Extensions.swift */,
			);
			path = Shared;
			sourceTree = "<group>";
		};
		8A107FAF2898299D00A7BE65 /* Services */ = {
			isa = PBXGroup;
			children = (
				8A107FB0289829C500A7BE65 /* ApiService.swift */,
			);
			path = Services;
			sourceTree = "<group>";
		};
		8A107FB528982A4300A7BE65 /* Features */ = {
			isa = PBXGroup;
			children = (
				8A107FB728982A6400A7BE65 /* Home */,
				8A107FB628982A4E00A7BE65 /* Login */,
			);
			path = Features;
			sourceTree = "<group>";
		};
		8A107FB628982A4E00A7BE65 /* Login */ = {
			isa = PBXGroup;
			children = (
				8A107FBA28982AFF00A7BE65 /* Model */,
				8A107FB828982AD500A7BE65 /* View */,
				8A107FB928982ADF00A7BE65 /* ViewModel */,
			);
			path = Login;
			sourceTree = "<group>";
		};
		8A107FB728982A6400A7BE65 /* Home */ = {
			isa = PBXGroup;
			children = (
				8AB248452899A31500FADA11 /* Model */,
				8AB248442899A30B00FADA11 /* View */,
				8AB248432899A2FF00FADA11 /* ViewModel */,
			);
			path = Home;
			sourceTree = "<group>";
		};
		8A107FB828982AD500A7BE65 /* View */ = {
			isa = PBXGroup;
			children = (
				8A107FBF28982C1D00A7BE65 /* LoginViewController.swift */,
				8A107FC028982C1D00A7BE65 /* LoginViewController.xib */,
			);
			path = View;
			sourceTree = "<group>";
		};
		8A107FB928982ADF00A7BE65 /* ViewModel */ = {
			isa = PBXGroup;
			children = (
				8A107FCA289838BC00A7BE65 /* LoginViewModel.swift */,
			);
			path = ViewModel;
			sourceTree = "<group>";
		};
		8A107FBA28982AFF00A7BE65 /* Model */ = {
			isa = PBXGroup;
			children = (
				8A107FBB28982B8100A7BE65 /* LoginSuccesModel.swift */,
				8A107FBD28982B9700A7BE65 /* BaseErrorModel.swift */,
			);
			path = Model;
			sourceTree = "<group>";
		};
		8AB248432899A2FF00FADA11 /* ViewModel */ = {
			isa = PBXGroup;
			children = (
				8AFD11C7289D328E00D30FE5 /* HomeViewModel.swift */,
				8AFD11D6289D92D700D30FE5 /* DetailsViewModel.swift */,
			);
			path = ViewModel;
			sourceTree = "<group>";
		};
		8AB248442899A30B00FADA11 /* View */ = {
			isa = PBXGroup;
			children = (
				8AB248462899A33100FADA11 /* HomeViewController.swift */,
				8AB248472899A33100FADA11 /* HomeViewController.xib */,
				8AFD11C9289D556900D30FE5 /* HomeTableViewCell.swift */,
				8AFD11CA289D556900D30FE5 /* HomeTableViewCell.xib */,
				8AFD11D2289D7D6000D30FE5 /* DetailsViewController.swift */,
				8AFD11D3289D7D6000D30FE5 /* DetailsViewController.xib */,
			);
			path = View;
			sourceTree = "<group>";
		};
		8AB248452899A31500FADA11 /* Model */ = {
			isa = PBXGroup;
			children = (
				8AFD11C5289D324F00D30FE5 /* UsersModel.swift */,
			);
			path = Model;
			sourceTree = "<group>";
		};
/* End PBXGroup section */

/* Begin PBXNativeTarget section */
		8A107F7128981EA700A7BE65 /* MVVM-RxSwift-Demo */ = {
			isa = PBXNativeTarget;
			buildConfigurationList = 8A107F9F28981EAA00A7BE65 /* Build configuration list for PBXNativeTarget "MVVM-RxSwift-Demo" */;
			buildPhases = (
				8A107F6E28981EA700A7BE65 /* Sources */,
				8A107F6F28981EA700A7BE65 /* Frameworks */,
				8A107F7028981EA700A7BE65 /* Resources */,
			);
			buildRules = (
			);
			dependencies = (
			);
			name = "MVVM-RxSwift-Demo";
			packageProductDependencies = (
				8A107FAB2898237900A7BE65 /* MBProgressHUD */,
				8A107FB328982A0F00A7BE65 /* Alamofire */,
				8A107FC4289838A400A7BE65 /* RxCocoa */,
				8A107FC6289838A400A7BE65 /* RxRelay */,
				8A107FC8289838A400A7BE65 /* RxSwift */,
				8AFD11D0289D5B4100D30FE5 /* Kingfisher */,
			);
			productName = "MVVM-RxSwift-Demo";
			productReference = 8A107F7228981EA700A7BE65 /* MVVM-RxSwift-Demo.app */;
			productType = "com.apple.product-type.application";
		};
		8A107F8A28981EAA00A7BE65 /* MVVM-RxSwift-DemoTests */ = {
			isa = PBXNativeTarget;
			buildConfigurationList = 8A107FA228981EAA00A7BE65 /* Build configuration list for PBXNativeTarget "MVVM-RxSwift-DemoTests" */;
			buildPhases = (
				8A107F8728981EAA00A7BE65 /* Sources */,
				8A107F8828981EAA00A7BE65 /* Frameworks */,
				8A107F8928981EAA00A7BE65 /* Resources */,
			);
			buildRules = (
			);
			dependencies = (
				8A107F8D28981EAA00A7BE65 /* PBXTargetDependency */,
			);
			name = "MVVM-RxSwift-DemoTests";
			productName = "MVVM-RxSwift-DemoTests";
			productReference = 8A107F8B28981EAA00A7BE65 /* MVVM-RxSwift-DemoTests.xctest */;
			productType = "com.apple.product-type.bundle.unit-test";
		};
		8A107F9428981EAA00A7BE65 /* MVVM-RxSwift-DemoUITests */ = {
			isa = PBXNativeTarget;
			buildConfigurationList = 8A107FA528981EAA00A7BE65 /* Build configuration list for PBXNativeTarget "MVVM-RxSwift-DemoUITests" */;
			buildPhases = (
				8A107F9128981EAA00A7BE65 /* Sources */,
				8A107F9228981EAA00A7BE65 /* Frameworks */,
				8A107F9328981EAA00A7BE65 /* Resources */,
			);
			buildRules = (
			);
			dependencies = (
				8A107F9728981EAA00A7BE65 /* PBXTargetDependency */,
			);
			name = "MVVM-RxSwift-DemoUITests";
			productName = "MVVM-RxSwift-DemoUITests";
			productReference = 8A107F9528981EAA00A7BE65 /* MVVM-RxSwift-DemoUITests.xctest */;
			productType = "com.apple.product-type.bundle.ui-testing";
		};
/* End PBXNativeTarget section */

/* Begin PBXProject section */
		8A107F6A28981EA700A7BE65 /* Project object */ = {
			isa = PBXProject;
			attributes = {
				BuildIndependentTargetsInParallel = 1;
				LastSwiftUpdateCheck = 1340;
				LastUpgradeCheck = 1340;
				TargetAttributes = {
					8A107F7128981EA700A7BE65 = {
						CreatedOnToolsVersion = 13.4.1;
					};
					8A107F8A28981EAA00A7BE65 = {
						CreatedOnToolsVersion = 13.4.1;
						TestTargetID = 8A107F7128981EA700A7BE65;
					};
					8A107F9428981EAA00A7BE65 = {
						CreatedOnToolsVersion = 13.4.1;
						TestTargetID = 8A107F7128981EA700A7BE65;
					};
				};
			};
			buildConfigurationList = 8A107F6D28981EA700A7BE65 /* Build configuration list for PBXProject "MVVM-RxSwift-Demo" */;
			compatibilityVersion = "Xcode 13.0";
			developmentRegion = en;
			hasScannedForEncodings = 0;
			knownRegions = (
				en,
				Base,
			);
			mainGroup = 8A107F6928981EA700A7BE65;
			packageReferences = (
				8A107FAA2898237800A7BE65 /* XCRemoteSwiftPackageReference "MBProgressHUD" */,
				8A107FB228982A0F00A7BE65 /* XCRemoteSwiftPackageReference "Alamofire" */,
				8A107FC3289838A400A7BE65 /* XCRemoteSwiftPackageReference "RxSwift" */,
				8AFD11CF289D5B4100D30FE5 /* XCRemoteSwiftPackageReference "Kingfisher" */,
			);
			productRefGroup = 8A107F7328981EA700A7BE65 /* Products */;
			projectDirPath = "";
			projectRoot = "";
			targets = (
				8A107F7128981EA700A7BE65 /* MVVM-RxSwift-Demo */,
				8A107F8A28981EAA00A7BE65 /* MVVM-RxSwift-DemoTests */,
				8A107F9428981EAA00A7BE65 /* MVVM-RxSwift-DemoUITests */,
			);
		};
/* End PBXProject section */

/* Begin PBXResourcesBuildPhase section */
		8A107F7028981EA700A7BE65 /* Resources */ = {
			isa = PBXResourcesBuildPhase;
			buildActionMask = 2147483647;
			files = (
				8A107F8528981EAA00A7BE65 /* LaunchScreen.storyboard in Resources */,
				8A107F8228981EAA00A7BE65 /* Assets.xcassets in Resources */,
				8A107FC228982C1D00A7BE65 /* LoginViewController.xib in Resources */,
				8AB248492899A33100FADA11 /* HomeViewController.xib in Resources */,
				8AFD11CC289D556900D30FE5 /* HomeTableViewCell.xib in Resources */,
				8AFD11D5289D7D6000D30FE5 /* DetailsViewController.xib in Resources */,
			);
			runOnlyForDeploymentPostprocessing = 0;
		};
		8A107F8928981EAA00A7BE65 /* Resources */ = {
			isa = PBXResourcesBuildPhase;
			buildActionMask = 2147483647;
			files = (
			);
			runOnlyForDeploymentPostprocessing = 0;
		};
		8A107F9328981EAA00A7BE65 /* Resources */ = {
			isa = PBXResourcesBuildPhase;
			buildActionMask = 2147483647;
			files = (
			);
			runOnlyForDeploymentPostprocessing = 0;
		};
/* End PBXResourcesBuildPhase section */

/* Begin PBXSourcesBuildPhase section */
		8A107F6E28981EA700A7BE65 /* Sources */ = {
			isa = PBXSourcesBuildPhase;
			buildActionMask = 2147483647;
			files = (
				8A107FC128982C1D00A7BE65 /* LoginViewController.swift in Sources */,
				8A107FA9289822F100A7BE65 /* UIViewController + Extension.swift in Sources */,
				8A107FB1289829C500A7BE65 /* ApiService.swift in Sources */,
				8AFD11D7289D92D700D30FE5 /* DetailsViewModel.swift in Sources */,
				8A107F7628981EA700A7BE65 /* AppDelegate.swift in Sources */,
				8AFD11CB289D556900D30FE5 /* HomeTableViewCell.swift in Sources */,
				8AFD11C6289D324F00D30FE5 /* UsersModel.swift in Sources */,
				8A107F8028981EA700A7BE65 /* MVVM_RxSwift_Demo.xcdatamodeld in Sources */,
				8AB248482899A33100FADA11 /* HomeViewController.swift in Sources */,
				8AFD11CE289D5AE700D30FE5 /* UIImageView+Extensions.swift in Sources */,
				8AFD11C8289D328E00D30FE5 /* HomeViewModel.swift in Sources */,
				8A107FBE28982B9700A7BE65 /* BaseErrorModel.swift in Sources */,
				8A107F7828981EA700A7BE65 /* SceneDelegate.swift in Sources */,
				8A107FBC28982B8100A7BE65 /* LoginSuccesModel.swift in Sources */,
				8A107FCB289838BC00A7BE65 /* LoginViewModel.swift in Sources */,
				8AFD11D4289D7D6000D30FE5 /* DetailsViewController.swift in Sources */,
			);
			runOnlyForDeploymentPostprocessing = 0;
		};
		8A107F8728981EAA00A7BE65 /* Sources */ = {
			isa = PBXSourcesBuildPhase;
			buildActionMask = 2147483647;
			files = (
				8A107F9028981EAA00A7BE65 /* MVVM_RxSwift_DemoTests.swift in Sources */,
			);
			runOnlyForDeploymentPostprocessing = 0;
		};
		8A107F9128981EAA00A7BE65 /* Sources */ = {
			isa = PBXSourcesBuildPhase;
			buildActionMask = 2147483647;
			files = (
				8A107F9A28981EAA00A7BE65 /* MVVM_RxSwift_DemoUITests.swift in Sources */,
				8A107F9C28981EAA00A7BE65 /* MVVM_RxSwift_DemoUITestsLaunchTests.swift in Sources */,
			);
			runOnlyForDeploymentPostprocessing = 0;
		};
/* End PBXSourcesBuildPhase section */

/* Begin PBXTargetDependency section */
		8A107F8D28981EAA00A7BE65 /* PBXTargetDependency */ = {
			isa = PBXTargetDependency;
			target = 8A107F7128981EA700A7BE65 /* MVVM-RxSwift-Demo */;
			targetProxy = 8A107F8C28981EAA00A7BE65 /* PBXContainerItemProxy */;
		};
		8A107F9728981EAA00A7BE65 /* PBXTargetDependency */ = {
			isa = PBXTargetDependency;
			target = 8A107F7128981EA700A7BE65 /* MVVM-RxSwift-Demo */;
			targetProxy = 8A107F9628981EAA00A7BE65 /* PBXContainerItemProxy */;
		};
/* End PBXTargetDependency section */

/* Begin PBXVariantGroup section */
		8A107F8328981EAA00A7BE65 /* LaunchScreen.storyboard */ = {
			isa = PBXVariantGroup;
			children = (
				8A107F8428981EAA00A7BE65 /* Base */,
			);
			name = LaunchScreen.storyboard;
			sourceTree = "<group>";
		};
/* End PBXVariantGroup section */

/* Begin XCBuildConfiguration section */
		8A107F9D28981EAA00A7BE65 /* Debug */ = {
			isa = XCBuildConfiguration;
			buildSettings = {
				ALWAYS_SEARCH_USER_PATHS = NO;
				CLANG_ANALYZER_NONNULL = YES;
				CLANG_ANALYZER_NUMBER_OBJECT_CONVERSION = YES_AGGRESSIVE;
				CLANG_CXX_LANGUAGE_STANDARD = "gnu++17";
				CLANG_ENABLE_MODULES = YES;
				CLANG_ENABLE_OBJC_ARC = YES;
				CLANG_ENABLE_OBJC_WEAK = YES;
				CLANG_WARN_BLOCK_CAPTURE_AUTORELEASING = YES;
				CLANG_WARN_BOOL_CONVERSION = YES;
				CLANG_WARN_COMMA = YES;
				CLANG_WARN_CONSTANT_CONVERSION = YES;
				CLANG_WARN_DEPRECATED_OBJC_IMPLEMENTATIONS = YES;
				CLANG_WARN_DIRECT_OBJC_ISA_USAGE = YES_ERROR;
				CLANG_WARN_DOCUMENTATION_COMMENTS = YES;
				CLANG_WARN_EMPTY_BODY = YES;
				CLANG_WARN_ENUM_CONVERSION = YES;
				CLANG_WARN_INFINITE_RECURSION = YES;
				CLANG_WARN_INT_CONVERSION = YES;
				CLANG_WARN_NON_LITERAL_NULL_CONVERSION = YES;
				CLANG_WARN_OBJC_IMPLICIT_RETAIN_SELF = YES;
				CLANG_WARN_OBJC_LITERAL_CONVERSION = YES;
				CLANG_WARN_OBJC_ROOT_CLASS = YES_ERROR;
				CLANG_WARN_QUOTED_INCLUDE_IN_FRAMEWORK_HEADER = YES;
				CLANG_WARN_RANGE_LOOP_ANALYSIS = YES;
				CLANG_WARN_STRICT_PROTOTYPES = YES;
				CLANG_WARN_SUSPICIOUS_MOVE = YES;
				CLANG_WARN_UNGUARDED_AVAILABILITY = YES_AGGRESSIVE;
				CLANG_WARN_UNREACHABLE_CODE = YES;
				CLANG_WARN__DUPLICATE_METHOD_MATCH = YES;
				COPY_PHASE_STRIP = NO;
				DEBUG_INFORMATION_FORMAT = dwarf;
				ENABLE_STRICT_OBJC_MSGSEND = YES;
				ENABLE_TESTABILITY = YES;
				GCC_C_LANGUAGE_STANDARD = gnu11;
				GCC_DYNAMIC_NO_PIC = NO;
				GCC_NO_COMMON_BLOCKS = YES;
				GCC_OPTIMIZATION_LEVEL = 0;
				GCC_PREPROCESSOR_DEFINITIONS = (
					"DEBUG=1",
					"$(inherited)",
				);
				GCC_WARN_64_TO_32_BIT_CONVERSION = YES;
				GCC_WARN_ABOUT_RETURN_TYPE = YES_ERROR;
				GCC_WARN_UNDECLARED_SELECTOR = YES;
				GCC_WARN_UNINITIALIZED_AUTOS = YES_AGGRESSIVE;
				GCC_WARN_UNUSED_FUNCTION = YES;
				GCC_WARN_UNUSED_VARIABLE = YES;
				IPHONEOS_DEPLOYMENT_TARGET = 15.5;
				MTL_ENABLE_DEBUG_INFO = INCLUDE_SOURCE;
				MTL_FAST_MATH = YES;
				ONLY_ACTIVE_ARCH = YES;
				SDKROOT = iphoneos;
				SWIFT_ACTIVE_COMPILATION_CONDITIONS = DEBUG;
				SWIFT_OPTIMIZATION_LEVEL = "-Onone";
			};
			name = Debug;
		};
		8A107F9E28981EAA00A7BE65 /* Release */ = {
			isa = XCBuildConfiguration;
			buildSettings = {
				ALWAYS_SEARCH_USER_PATHS = NO;
				CLANG_ANALYZER_NONNULL = YES;
				CLANG_ANALYZER_NUMBER_OBJECT_CONVERSION = YES_AGGRESSIVE;
				CLANG_CXX_LANGUAGE_STANDARD = "gnu++17";
				CLANG_ENABLE_MODULES = YES;
				CLANG_ENABLE_OBJC_ARC = YES;
				CLANG_ENABLE_OBJC_WEAK = YES;
				CLANG_WARN_BLOCK_CAPTURE_AUTORELEASING = YES;
				CLANG_WARN_BOOL_CONVERSION = YES;
				CLANG_WARN_COMMA = YES;
				CLANG_WARN_CONSTANT_CONVERSION = YES;
				CLANG_WARN_DEPRECATED_OBJC_IMPLEMENTATIONS = YES;
				CLANG_WARN_DIRECT_OBJC_ISA_USAGE = YES_ERROR;
				CLANG_WARN_DOCUMENTATION_COMMENTS = YES;
				CLANG_WARN_EMPTY_BODY = YES;
				CLANG_WARN_ENUM_CONVERSION = YES;
				CLANG_WARN_INFINITE_RECURSION = YES;
				CLANG_WARN_INT_CONVERSION = YES;
				CLANG_WARN_NON_LITERAL_NULL_CONVERSION = YES;
				CLANG_WARN_OBJC_IMPLICIT_RETAIN_SELF = YES;
				CLANG_WARN_OBJC_LITERAL_CONVERSION = YES;
				CLANG_WARN_OBJC_ROOT_CLASS = YES_ERROR;
				CLANG_WARN_QUOTED_INCLUDE_IN_FRAMEWORK_HEADER = YES;
				CLANG_WARN_RANGE_LOOP_ANALYSIS = YES;
				CLANG_WARN_STRICT_PROTOTYPES = YES;
				CLANG_WARN_SUSPICIOUS_MOVE = YES;
				CLANG_WARN_UNGUARDED_AVAILABILITY = YES_AGGRESSIVE;
				CLANG_WARN_UNREACHABLE_CODE = YES;
				CLANG_WARN__DUPLICATE_METHOD_MATCH = YES;
				COPY_PHASE_STRIP = NO;
				DEBUG_INFORMATION_FORMAT = "dwarf-with-dsym";
				ENABLE_NS_ASSERTIONS = NO;
				ENABLE_STRICT_OBJC_MSGSEND = YES;
				GCC_C_LANGUAGE_STANDARD = gnu11;
				GCC_NO_COMMON_BLOCKS = YES;
				GCC_WARN_64_TO_32_BIT_CONVERSION = YES;
				GCC_WARN_ABOUT_RETURN_TYPE = YES_ERROR;
				GCC_WARN_UNDECLARED_SELECTOR = YES;
				GCC_WARN_UNINITIALIZED_AUTOS = YES_AGGRESSIVE;
				GCC_WARN_UNUSED_FUNCTION = YES;
				GCC_WARN_UNUSED_VARIABLE = YES;
				IPHONEOS_DEPLOYMENT_TARGET = 15.5;
				MTL_ENABLE_DEBUG_INFO = NO;
				MTL_FAST_MATH = YES;
				SDKROOT = iphoneos;
				SWIFT_COMPILATION_MODE = wholemodule;
				SWIFT_OPTIMIZATION_LEVEL = "-O";
				VALIDATE_PRODUCT = YES;
			};
			name = Release;
		};
		8A107FA028981EAA00A7BE65 /* Debug */ = {
			isa = XCBuildConfiguration;
			buildSettings = {
				ASSETCATALOG_COMPILER_APPICON_NAME = AppIcon;
				ASSETCATALOG_COMPILER_GLOBAL_ACCENT_COLOR_NAME = AccentColor;
				CODE_SIGN_STYLE = Automatic;
				CURRENT_PROJECT_VERSION = 1;
				DEVELOPMENT_TEAM = 9A7U2T7RW5;
				GENERATE_INFOPLIST_FILE = YES;
				INFOPLIST_FILE = "MVVM-RxSwift-Demo/Shared/Info.plist";
				INFOPLIST_KEY_UIApplicationSupportsIndirectInputEvents = YES;
				INFOPLIST_KEY_UILaunchStoryboardName = LaunchScreen;
				INFOPLIST_KEY_UISupportedInterfaceOrientations_iPad = "UIInterfaceOrientationPortrait UIInterfaceOrientationPortraitUpsideDown UIInterfaceOrientationLandscapeLeft UIInterfaceOrientationLandscapeRight";
				INFOPLIST_KEY_UISupportedInterfaceOrientations_iPhone = "UIInterfaceOrientationPortrait UIInterfaceOrientationLandscapeLeft UIInterfaceOrientationLandscapeRight";
				LD_RUNPATH_SEARCH_PATHS = (
					"$(inherited)",
					"@executable_path/Frameworks",
				);
				MARKETING_VERSION = 1.0;
				PRODUCT_BUNDLE_IDENTIFIER = "com.cif.MVVM-RxSwift-Demo";
				PRODUCT_NAME = "$(TARGET_NAME)";
				SWIFT_EMIT_LOC_STRINGS = YES;
				SWIFT_VERSION = 5.0;
				TARGETED_DEVICE_FAMILY = 1;
			};
			name = Debug;
		};
		8A107FA128981EAA00A7BE65 /* Release */ = {
			isa = XCBuildConfiguration;
			buildSettings = {
				ASSETCATALOG_COMPILER_APPICON_NAME = AppIcon;
				ASSETCATALOG_COMPILER_GLOBAL_ACCENT_COLOR_NAME = AccentColor;
				CODE_SIGN_STYLE = Automatic;
				CURRENT_PROJECT_VERSION = 1;
				DEVELOPMENT_TEAM = 9A7U2T7RW5;
				GENERATE_INFOPLIST_FILE = YES;
				INFOPLIST_FILE = "MVVM-RxSwift-Demo/Shared/Info.plist";
				INFOPLIST_KEY_UIApplicationSupportsIndirectInputEvents = YES;
				INFOPLIST_KEY_UILaunchStoryboardName = LaunchScreen;
				INFOPLIST_KEY_UISupportedInterfaceOrientations_iPad = "UIInterfaceOrientationPortrait UIInterfaceOrientationPortraitUpsideDown UIInterfaceOrientationLandscapeLeft UIInterfaceOrientationLandscapeRight";
				INFOPLIST_KEY_UISupportedInterfaceOrientations_iPhone = "UIInterfaceOrientationPortrait UIInterfaceOrientationLandscapeLeft UIInterfaceOrientationLandscapeRight";
				LD_RUNPATH_SEARCH_PATHS = (
					"$(inherited)",
					"@executable_path/Frameworks",
				);
				MARKETING_VERSION = 1.0;
				PRODUCT_BUNDLE_IDENTIFIER = "com.cif.MVVM-RxSwift-Demo";
				PRODUCT_NAME = "$(TARGET_NAME)";
				SWIFT_EMIT_LOC_STRINGS = YES;
				SWIFT_VERSION = 5.0;
				TARGETED_DEVICE_FAMILY = 1;
			};
			name = Release;
		};
		8A107FA328981EAA00A7BE65 /* Debug */ = {
			isa = XCBuildConfiguration;
			buildSettings = {
				ALWAYS_EMBED_SWIFT_STANDARD_LIBRARIES = YES;
				BUNDLE_LOADER = "$(TEST_HOST)";
				CODE_SIGN_STYLE = Automatic;
				CURRENT_PROJECT_VERSION = 1;
				DEVELOPMENT_TEAM = 9A7U2T7RW5;
				GENERATE_INFOPLIST_FILE = YES;
				IPHONEOS_DEPLOYMENT_TARGET = 15.5;
				MARKETING_VERSION = 1.0;
				PRODUCT_BUNDLE_IDENTIFIER = "com.cif.MVVM-RxSwift-DemoTests";
				PRODUCT_NAME = "$(TARGET_NAME)";
				SWIFT_EMIT_LOC_STRINGS = NO;
				SWIFT_VERSION = 5.0;
				TARGETED_DEVICE_FAMILY = "1,2";
				TEST_HOST = "$(BUILT_PRODUCTS_DIR)/MVVM-RxSwift-Demo.app/MVVM-RxSwift-Demo";
			};
			name = Debug;
		};
		8A107FA428981EAA00A7BE65 /* Release */ = {
			isa = XCBuildConfiguration;
			buildSettings = {
				ALWAYS_EMBED_SWIFT_STANDARD_LIBRARIES = YES;
				BUNDLE_LOADER = "$(TEST_HOST)";
				CODE_SIGN_STYLE = Automatic;
				CURRENT_PROJECT_VERSION = 1;
				DEVELOPMENT_TEAM = 9A7U2T7RW5;
				GENERATE_INFOPLIST_FILE = YES;
				IPHONEOS_DEPLOYMENT_TARGET = 15.5;
				MARKETING_VERSION = 1.0;
				PRODUCT_BUNDLE_IDENTIFIER = "com.cif.MVVM-RxSwift-DemoTests";
				PRODUCT_NAME = "$(TARGET_NAME)";
				SWIFT_EMIT_LOC_STRINGS = NO;
				SWIFT_VERSION = 5.0;
				TARGETED_DEVICE_FAMILY = "1,2";
				TEST_HOST = "$(BUILT_PRODUCTS_DIR)/MVVM-RxSwift-Demo.app/MVVM-RxSwift-Demo";
			};
			name = Release;
		};
		8A107FA628981EAA00A7BE65 /* Debug */ = {
			isa = XCBuildConfiguration;
			buildSettings = {
				ALWAYS_EMBED_SWIFT_STANDARD_LIBRARIES = YES;
				CODE_SIGN_STYLE = Automatic;
				CURRENT_PROJECT_VERSION = 1;
				DEVELOPMENT_TEAM = 9A7U2T7RW5;
				GENERATE_INFOPLIST_FILE = YES;
				MARKETING_VERSION = 1.0;
				PRODUCT_BUNDLE_IDENTIFIER = "com.cif.MVVM-RxSwift-DemoUITests";
				PRODUCT_NAME = "$(TARGET_NAME)";
				SWIFT_EMIT_LOC_STRINGS = NO;
				SWIFT_VERSION = 5.0;
				TARGETED_DEVICE_FAMILY = "1,2";
				TEST_TARGET_NAME = "MVVM-RxSwift-Demo";
			};
			name = Debug;
		};
		8A107FA728981EAA00A7BE65 /* Release */ = {
			isa = XCBuildConfiguration;
			buildSettings = {
				ALWAYS_EMBED_SWIFT_STANDARD_LIBRARIES = YES;
				CODE_SIGN_STYLE = Automatic;
				CURRENT_PROJECT_VERSION = 1;
				DEVELOPMENT_TEAM = 9A7U2T7RW5;
				GENERATE_INFOPLIST_FILE = YES;
				MARKETING_VERSION = 1.0;
				PRODUCT_BUNDLE_IDENTIFIER = "com.cif.MVVM-RxSwift-DemoUITests";
				PRODUCT_NAME = "$(TARGET_NAME)";
				SWIFT_EMIT_LOC_STRINGS = NO;
				SWIFT_VERSION = 5.0;
				TARGETED_DEVICE_FAMILY = "1,2";
				TEST_TARGET_NAME = "MVVM-RxSwift-Demo";
			};
			name = Release;
		};
/* End XCBuildConfiguration section */

/* Begin XCConfigurationList section */
		8A107F6D28981EA700A7BE65 /* Build configuration list for PBXProject "MVVM-RxSwift-Demo" */ = {
			isa = XCConfigurationList;
			buildConfigurations = (
				8A107F9D28981EAA00A7BE65 /* Debug */,
				8A107F9E28981EAA00A7BE65 /* Release */,
			);
			defaultConfigurationIsVisible = 0;
			defaultConfigurationName = Release;
		};
		8A107F9F28981EAA00A7BE65 /* Build configuration list for PBXNativeTarget "MVVM-RxSwift-Demo" */ = {
			isa = XCConfigurationList;
			buildConfigurations = (
				8A107FA028981EAA00A7BE65 /* Debug */,
				8A107FA128981EAA00A7BE65 /* Release */,
			);
			defaultConfigurationIsVisible = 0;
			defaultConfigurationName = Release;
		};
		8A107FA228981EAA00A7BE65 /* Build configuration list for PBXNativeTarget "MVVM-RxSwift-DemoTests" */ = {
			isa = XCConfigurationList;
			buildConfigurations = (
				8A107FA328981EAA00A7BE65 /* Debug */,
				8A107FA428981EAA00A7BE65 /* Release */,
			);
			defaultConfigurationIsVisible = 0;
			defaultConfigurationName = Release;
		};
		8A107FA528981EAA00A7BE65 /* Build configuration list for PBXNativeTarget "MVVM-RxSwift-DemoUITests" */ = {
			isa = XCConfigurationList;
			buildConfigurations = (
				8A107FA628981EAA00A7BE65 /* Debug */,
				8A107FA728981EAA00A7BE65 /* Release */,
			);
			defaultConfigurationIsVisible = 0;
			defaultConfigurationName = Release;
		};
/* End XCConfigurationList section */

/* Begin XCRemoteSwiftPackageReference section */
		8A107FAA2898237800A7BE65 /* XCRemoteSwiftPackageReference "MBProgressHUD" */ = {
			isa = XCRemoteSwiftPackageReference;
			repositoryURL = "https://github.com/jdg/MBProgressHUD.git";
			requirement = {
				kind = upToNextMajorVersion;
				minimumVersion = 1.0.0;
			};
		};
		8A107FB228982A0F00A7BE65 /* XCRemoteSwiftPackageReference "Alamofire" */ = {
			isa = XCRemoteSwiftPackageReference;
			repositoryURL = "https://github.com/Alamofire/Alamofire.git";
			requirement = {
				kind = upToNextMajorVersion;
				minimumVersion = 5.0.0;
			};
		};
		8A107FC3289838A400A7BE65 /* XCRemoteSwiftPackageReference "RxSwift" */ = {
			isa = XCRemoteSwiftPackageReference;
			repositoryURL = "https://github.com/ReactiveX/RxSwift.git";
			requirement = {
				kind = upToNextMajorVersion;
				minimumVersion = 6.0.0;
			};
		};
		8AFD11CF289D5B4100D30FE5 /* XCRemoteSwiftPackageReference "Kingfisher" */ = {
			isa = XCRemoteSwiftPackageReference;
			repositoryURL = "https://github.com/onevcat/Kingfisher.git";
			requirement = {
				kind = upToNextMajorVersion;
				minimumVersion = 7.0.0;
			};
		};
/* End XCRemoteSwiftPackageReference section */

/* Begin XCSwiftPackageProductDependency section */
		8A107FAB2898237900A7BE65 /* MBProgressHUD */ = {
			isa = XCSwiftPackageProductDependency;
			package = 8A107FAA2898237800A7BE65 /* XCRemoteSwiftPackageReference "MBProgressHUD" */;
			productName = MBProgressHUD;
		};
		8A107FB328982A0F00A7BE65 /* Alamofire */ = {
			isa = XCSwiftPackageProductDependency;
			package = 8A107FB228982A0F00A7BE65 /* XCRemoteSwiftPackageReference "Alamofire" */;
			productName = Alamofire;
		};
		8A107FC4289838A400A7BE65 /* RxCocoa */ = {
			isa = XCSwiftPackageProductDependency;
			package = 8A107FC3289838A400A7BE65 /* XCRemoteSwiftPackageReference "RxSwift" */;
			productName = RxCocoa;
		};
		8A107FC6289838A400A7BE65 /* RxRelay */ = {
			isa = XCSwiftPackageProductDependency;
			package = 8A107FC3289838A400A7BE65 /* XCRemoteSwiftPackageReference "RxSwift" */;
			productName = RxRelay;
		};
		8A107FC8289838A400A7BE65 /* RxSwift */ = {
			isa = XCSwiftPackageProductDependency;
			package = 8A107FC3289838A400A7BE65 /* XCRemoteSwiftPackageReference "RxSwift" */;
			productName = RxSwift;
		};
		8AFD11D0289D5B4100D30FE5 /* Kingfisher */ = {
			isa = XCSwiftPackageProductDependency;
			package = 8AFD11CF289D5B4100D30FE5 /* XCRemoteSwiftPackageReference "Kingfisher" */;
			productName = Kingfisher;
		};
/* End XCSwiftPackageProductDependency section */

/* Begin XCVersionGroup section */
		8A107F7E28981EA700A7BE65 /* MVVM_RxSwift_Demo.xcdatamodeld */ = {
			isa = XCVersionGroup;
			children = (
				8A107F7F28981EA700A7BE65 /* MVVM_RxSwift_Demo.xcdatamodel */,
			);
			currentVersion = 8A107F7F28981EA700A7BE65 /* MVVM_RxSwift_Demo.xcdatamodel */;
			path = MVVM_RxSwift_Demo.xcdatamodeld;
			sourceTree = "<group>";
			versionGroupType = wrapper.xcdatamodel;
		};
/* End XCVersionGroup section */
	};
	rootObject = 8A107F6A28981EA700A7BE65 /* Project object */;
}
